github.com/razonyang/hugo-mod-search v0.12.0 h1:RE4WyuuRk0R1aNPhzQ2SZbhmsdsow6vWWUnFLgI1hDM=
github.com/razonyang/hugo-mod-search v0.12.0/go.mod h1:rlFETVHvlAXhq4Q/n+0CLttmhz72XdoY2IbOI5p8Bxg=
github.com/razonyang/hugopress v0.6.0 h1:cQaCTTJGMt4bwZRzIxwKnxHirQn9aoanCw+xRSOC6Mw=
github.com/razonyang/hugopress v0.6.0/go.mod h1:vbHm/Fv59XztrpuCo9TUQwuH4ZWES9zWns7n5GSZn7k=
github.com/twbs/icons v1.10.3 h1:8i0wcDkk04KXd2ofLtMHUERkA5OkrpAzDyBVv/PJaL0=
github.com/twbs/icons v1.10.3/go.mod h1:GnRlymgVWp5iVJCMa0Me5b6tFyGpVc2bSxPMRGIJmyA=
